// !$*UTF8*$!
{
	archiveVersion = 1;
	classes = {
	};
	objectVersion = 56;
	objects = {

/* Begin PBXBuildFile section */
		A401257B2980969C0049345A /* ContentView.swift in Sources */ = {isa = PBXBuildFile; fileRef = A401257A2980969C0049345A /* ContentView.swift */; };
		A401257D298096CB0049345A /* ScheduleItem.swift in Sources */ = {isa = PBXBuildFile; fileRef = A401257C298096CB0049345A /* ScheduleItem.swift */; };
		A40309932980976B003356D0 /* Event.swift in Sources */ = {isa = PBXBuildFile; fileRef = A40309922980976B003356D0 /* Event.swift */; };
		A40F767A2980728C00B40F3A /* kehillah_today_swiftuitestyesApp.swift in Sources */ = {isa = PBXBuildFile; fileRef = A40F76792980728C00B40F3A /* kehillah_today_swiftuitestyesApp.swift */; };
		A40F767E2980728D00B40F3A /* Assets.xcassets in Resources */ = {isa = PBXBuildFile; fileRef = A40F767D2980728D00B40F3A /* Assets.xcassets */; };
		A40F76812980728D00B40F3A /* Preview Assets.xcassets in Resources */ = {isa = PBXBuildFile; fileRef = A40F76802980728D00B40F3A /* Preview Assets.xcassets */; };
		A40F7688298072C400B40F3A /* ScheduleView.swift in Sources */ = {isa = PBXBuildFile; fileRef = A40F7687298072C400B40F3A /* ScheduleView.swift */; };
		A40F768C298073A300B40F3A /* BebasNeue.ttf in Resources */ = {isa = PBXBuildFile; fileRef = A40F7689298073A300B40F3A /* BebasNeue.ttf */; };
		A40F768D298073A300B40F3A /* Righteous.ttf in Resources */ = {isa = PBXBuildFile; fileRef = A40F768A298073A300B40F3A /* Righteous.ttf */; };
		A40F768E298073A300B40F3A /* BarlowSemiCondensed.ttf in Resources */ = {isa = PBXBuildFile; fileRef = A40F768B298073A300B40F3A /* BarlowSemiCondensed.ttf */; };
		A428479429F1959900694B70 /* BarlowSemiCondensed-Bold.ttf in Resources */ = {isa = PBXBuildFile; fileRef = A428479329F1959900694B70 /* BarlowSemiCondensed-Bold.ttf */; };
		A4404D6F2988DC380082EB19 /* PreLaunch.swift in Sources */ = {isa = PBXBuildFile; fileRef = A4404D6E2988DC380082EB19 /* PreLaunch.swift */; };
		A452BD1F29885CDF00F6454C /* test.swift in Sources */ = {isa = PBXBuildFile; fileRef = A452BD1E29885CDF00F6454C /* test.swift */; };
		A45525EB2984FC6D005E6A04 /* CustomNavBarView.swift in Sources */ = {isa = PBXBuildFile; fileRef = A45525EA2984FC6D005E6A04 /* CustomNavBarView.swift */; };
/* End PBXBuildFile section */

/* Begin PBXFileReference section */
		A401257A2980969C0049345A /* ContentView.swift */ = {isa = PBXFileReference; fileEncoding = 4; lastKnownFileType = sourcecode.swift; path = ContentView.swift; sourceTree = "<group>"; };
		A401257C298096CB0049345A /* ScheduleItem.swift */ = {isa = PBXFileReference; lastKnownFileType = sourcecode.swift; path = ScheduleItem.swift; sourceTree = "<group>"; };
		A40309922980976B003356D0 /* Event.swift */ = {isa = PBXFileReference; lastKnownFileType = sourcecode.swift; path = Event.swift; sourceTree = "<group>"; };
		A40F76762980728C00B40F3A /* kehillah.today-swiftuitestyes.app */ = {isa = PBXFileReference; explicitFileType = wrapper.application; includeInIndex = 0; path = "kehillah.today-swiftuitestyes.app"; sourceTree = BUILT_PRODUCTS_DIR; };
		A40F76792980728C00B40F3A /* kehillah_today_swiftuitestyesApp.swift */ = {isa = PBXFileReference; lastKnownFileType = sourcecode.swift; path = kehillah_today_swiftuitestyesApp.swift; sourceTree = "<group>"; };
		A40F767D2980728D00B40F3A /* Assets.xcassets */ = {isa = PBXFileReference; lastKnownFileType = folder.assetcatalog; path = Assets.xcassets; sourceTree = "<group>"; };
		A40F76802980728D00B40F3A /* Preview Assets.xcassets */ = {isa = PBXFileReference; lastKnownFileType = folder.assetcatalog; path = "Preview Assets.xcassets"; sourceTree = "<group>"; };
		A40F7687298072C400B40F3A /* ScheduleView.swift */ = {isa = PBXFileReference; lastKnownFileType = sourcecode.swift; path = ScheduleView.swift; sourceTree = "<group>"; };
		A40F7689298073A300B40F3A /* BebasNeue.ttf */ = {isa = PBXFileReference; lastKnownFileType = file; path = BebasNeue.ttf; sourceTree = "<group>"; };
		A40F768A298073A300B40F3A /* Righteous.ttf */ = {isa = PBXFileReference; lastKnownFileType = file; path = Righteous.ttf; sourceTree = "<group>"; };
		A40F768B298073A300B40F3A /* BarlowSemiCondensed.ttf */ = {isa = PBXFileReference; lastKnownFileType = file; path = BarlowSemiCondensed.ttf; sourceTree = "<group>"; };
		A40F76912980740200B40F3A /* kehillah-today-swiftuitestyes-Info.plist */ = {isa = PBXFileReference; lastKnownFileType = text.plist; path = "kehillah-today-swiftuitestyes-Info.plist"; sourceTree = SOURCE_ROOT; };
		A428479329F1959900694B70 /* BarlowSemiCondensed-Bold.ttf */ = {isa = PBXFileReference; lastKnownFileType = file; path = "BarlowSemiCondensed-Bold.ttf"; sourceTree = "<group>"; };
		A4404D6E2988DC380082EB19 /* PreLaunch.swift */ = {isa = PBXFileReference; lastKnownFileType = sourcecode.swift; path = PreLaunch.swift; sourceTree = "<group>"; };
		A452BD1E29885CDF00F6454C /* test.swift */ = {isa = PBXFileReference; lastKnownFileType = sourcecode.swift; path = test.swift; sourceTree = "<group>"; };
		A45525EA2984FC6D005E6A04 /* CustomNavBarView.swift */ = {isa = PBXFileReference; lastKnownFileType = sourcecode.swift; path = CustomNavBarView.swift; sourceTree = "<group>"; };
/* End PBXFileReference section */

/* Begin PBXFrameworksBuildPhase section */
		A40F76732980728C00B40F3A /* Frameworks */ = {
			isa = PBXFrameworksBuildPhase;
			buildActionMask = 2147483647;
			files = (
			);
			runOnlyForDeploymentPostprocessing = 0;
		};
/* End PBXFrameworksBuildPhase section */

/* Begin PBXGroup section */
		A40F766D2980728C00B40F3A = {
			isa = PBXGroup;
			children = (
				A40F76782980728C00B40F3A /* kehillah.today-swiftuitestyes */,
				A40F76772980728C00B40F3A /* Products */,
			);
			sourceTree = "<group>";
		};
		A40F76772980728C00B40F3A /* Products */ = {
			isa = PBXGroup;
			children = (
				A40F76762980728C00B40F3A /* kehillah.today-swiftuitestyes.app */,
			);
			name = Products;
			sourceTree = "<group>";
		};
		A40F76782980728C00B40F3A /* kehillah.today-swiftuitestyes */ = {
			isa = PBXGroup;
			children = (
				A40F76912980740200B40F3A /* kehillah-today-swiftuitestyes-Info.plist */,
				A40309922980976B003356D0 /* Event.swift */,
				A45525EA2984FC6D005E6A04 /* CustomNavBarView.swift */,
				A40F76792980728C00B40F3A /* kehillah_today_swiftuitestyesApp.swift */,
				A401257A2980969C0049345A /* ContentView.swift */,
				A4404D6E2988DC380082EB19 /* PreLaunch.swift */,
				A452BD1E29885CDF00F6454C /* test.swift */,
				A401257C298096CB0049345A /* ScheduleItem.swift */,
				A40F7690298073D200B40F3A /* Fonts */,
				A40F7687298072C400B40F3A /* ScheduleView.swift */,
				A40F767D2980728D00B40F3A /* Assets.xcassets */,
				A40F767F2980728D00B40F3A /* Preview Content */,
			);
			path = "kehillah.today-swiftuitestyes";
			sourceTree = "<group>";
		};
		A40F767F2980728D00B40F3A /* Preview Content */ = {
			isa = PBXGroup;
			children = (
				A40F76802980728D00B40F3A /* Preview Assets.xcassets */,
			);
			path = "Preview Content";
			sourceTree = "<group>";
		};
		A40F7690298073D200B40F3A /* Fonts */ = {
			isa = PBXGroup;
			children = (
				A428479329F1959900694B70 /* BarlowSemiCondensed-Bold.ttf */,
				A40F7689298073A300B40F3A /* BebasNeue.ttf */,
				A40F768B298073A300B40F3A /* BarlowSemiCondensed.ttf */,
				A40F768A298073A300B40F3A /* Righteous.ttf */,
			);
			path = Fonts;
			sourceTree = "<group>";
		};
/* End PBXGroup section */

/* Begin PBXNativeTarget section */
		A40F76752980728C00B40F3A /* kehillah.today-swiftuitestyes */ = {
			isa = PBXNativeTarget;
			buildConfigurationList = A40F76842980728D00B40F3A /* Build configuration list for PBXNativeTarget "kehillah.today-swiftuitestyes" */;
			buildPhases = (
				A40F76722980728C00B40F3A /* Sources */,
				A40F76732980728C00B40F3A /* Frameworks */,
				A40F76742980728C00B40F3A /* Resources */,
			);
			buildRules = (
			);
			dependencies = (
			);
			name = "kehillah.today-swiftuitestyes";
			productName = "kehillah.today-swiftuitestyes";
			productReference = A40F76762980728C00B40F3A /* kehillah.today-swiftuitestyes.app */;
			productType = "com.apple.product-type.application";
		};
/* End PBXNativeTarget section */

/* Begin PBXProject section */
		A40F766E2980728C00B40F3A /* Project object */ = {
			isa = PBXProject;
			attributes = {
				BuildIndependentTargetsInParallel = 1;
				LastSwiftUpdateCheck = 1420;
				LastUpgradeCheck = 1420;
				TargetAttributes = {
					A40F76752980728C00B40F3A = {
						CreatedOnToolsVersion = 14.2;
					};
				};
			};
			buildConfigurationList = A40F76712980728C00B40F3A /* Build configuration list for PBXProject "kehillah.today-swiftuitestyes" */;
			compatibilityVersion = "Xcode 14.0";
			developmentRegion = en;
			hasScannedForEncodings = 0;
			knownRegions = (
				en,
				Base,
			);
			mainGroup = A40F766D2980728C00B40F3A;
			productRefGroup = A40F76772980728C00B40F3A /* Products */;
			projectDirPath = "";
			projectRoot = "";
			targets = (
				A40F76752980728C00B40F3A /* kehillah.today-swiftuitestyes */,
			);
		};
/* End PBXProject section */

/* Begin PBXResourcesBuildPhase section */
		A40F76742980728C00B40F3A /* Resources */ = {
			isa = PBXResourcesBuildPhase;
			buildActionMask = 2147483647;
			files = (
				A428479429F1959900694B70 /* BarlowSemiCondensed-Bold.ttf in Resources */,
				A40F76812980728D00B40F3A /* Preview Assets.xcassets in Resources */,
				A40F767E2980728D00B40F3A /* Assets.xcassets in Resources */,
				A40F768E298073A300B40F3A /* BarlowSemiCondensed.ttf in Resources */,
				A40F768C298073A300B40F3A /* BebasNeue.ttf in Resources */,
				A40F768D298073A300B40F3A /* Righteous.ttf in Resources */,
			);
			runOnlyForDeploymentPostprocessing = 0;
		};
/* End PBXResourcesBuildPhase section */

/* Begin PBXSourcesBuildPhase section */
		A40F76722980728C00B40F3A /* Sources */ = {
			isa = PBXSourcesBuildPhase;
			buildActionMask = 2147483647;
			files = (
				A40F767A2980728C00B40F3A /* kehillah_today_swiftuitestyesApp.swift in Sources */,
				A401257D298096CB0049345A /* ScheduleItem.swift in Sources */,
				A40F7688298072C400B40F3A /* ScheduleView.swift in Sources */,
				A45525EB2984FC6D005E6A04 /* CustomNavBarView.swift in Sources */,
				A4404D6F2988DC380082EB19 /* PreLaunch.swift in Sources */,
				A401257B2980969C0049345A /* ContentView.swift in Sources */,
				A40309932980976B003356D0 /* Event.swift in Sources */,
				A452BD1F29885CDF00F6454C /* test.swift in Sources */,
			);
			runOnlyForDeploymentPostprocessing = 0;
		};
/* End PBXSourcesBuildPhase section */

/* Begin XCBuildConfiguration section */
		A40F76822980728D00B40F3A /* Debug */ = {
			isa = XCBuildConfiguration;
			buildSettings = {
				ALWAYS_SEARCH_USER_PATHS = NO;
				CLANG_ANALYZER_NONNULL = YES;
				CLANG_ANALYZER_NUMBER_OBJECT_CONVERSION = YES_AGGRESSIVE;
				CLANG_CXX_LANGUAGE_STANDARD = "gnu++20";
				CLANG_ENABLE_MODULES = YES;
				CLANG_ENABLE_OBJC_ARC = YES;
				CLANG_ENABLE_OBJC_WEAK = YES;
				CLANG_WARN_BLOCK_CAPTURE_AUTORELEASING = YES;
				CLANG_WARN_BOOL_CONVERSION = YES;
				CLANG_WARN_COMMA = YES;
				CLANG_WARN_CONSTANT_CONVERSION = YES;
				CLANG_WARN_DEPRECATED_OBJC_IMPLEMENTATIONS = YES;
				CLANG_WARN_DIRECT_OBJC_ISA_USAGE = YES_ERROR;
				CLANG_WARN_DOCUMENTATION_COMMENTS = YES;
				CLANG_WARN_EMPTY_BODY = YES;
				CLANG_WARN_ENUM_CONVERSION = YES;
				CLANG_WARN_INFINITE_RECURSION = YES;
				CLANG_WARN_INT_CONVERSION = YES;
				CLANG_WARN_NON_LITERAL_NULL_CONVERSION = YES;
				CLANG_WARN_OBJC_IMPLICIT_RETAIN_SELF = YES;
				CLANG_WARN_OBJC_LITERAL_CONVERSION = YES;
				CLANG_WARN_OBJC_ROOT_CLASS = YES_ERROR;
				CLANG_WARN_QUOTED_INCLUDE_IN_FRAMEWORK_HEADER = YES;
				CLANG_WARN_RANGE_LOOP_ANALYSIS = YES;
				CLANG_WARN_STRICT_PROTOTYPES = YES;
				CLANG_WARN_SUSPICIOUS_MOVE = YES;
				CLANG_WARN_UNGUARDED_AVAILABILITY = YES_AGGRESSIVE;
				CLANG_WARN_UNREACHABLE_CODE = YES;
				CLANG_WARN__DUPLICATE_METHOD_MATCH = YES;
				COPY_PHASE_STRIP = NO;
				DEBUG_INFORMATION_FORMAT = dwarf;
				ENABLE_STRICT_OBJC_MSGSEND = YES;
				ENABLE_TESTABILITY = YES;
				GCC_C_LANGUAGE_STANDARD = gnu11;
				GCC_DYNAMIC_NO_PIC = NO;
				GCC_NO_COMMON_BLOCKS = YES;
				GCC_OPTIMIZATION_LEVEL = 0;
				GCC_PREPROCESSOR_DEFINITIONS = (
					"DEBUG=1",
					"$(inherited)",
				);
				GCC_WARN_64_TO_32_BIT_CONVERSION = YES;
				GCC_WARN_ABOUT_RETURN_TYPE = YES_ERROR;
				GCC_WARN_UNDECLARED_SELECTOR = YES;
				GCC_WARN_UNINITIALIZED_AUTOS = YES_AGGRESSIVE;
				GCC_WARN_UNUSED_FUNCTION = YES;
				GCC_WARN_UNUSED_VARIABLE = YES;
				IPHONEOS_DEPLOYMENT_TARGET = 16.2;
				MTL_ENABLE_DEBUG_INFO = INCLUDE_SOURCE;
				MTL_FAST_MATH = YES;
				ONLY_ACTIVE_ARCH = YES;
				SDKROOT = iphoneos;
				SWIFT_ACTIVE_COMPILATION_CONDITIONS = DEBUG;
				SWIFT_OPTIMIZATION_LEVEL = "-Onone";
			};
			name = Debug;
		};
		A40F76832980728D00B40F3A /* Release */ = {
			isa = XCBuildConfiguration;
			buildSettings = {
				ALWAYS_SEARCH_USER_PATHS = NO;
				CLANG_ANALYZER_NONNULL = YES;
				CLANG_ANALYZER_NUMBER_OBJECT_CONVERSION = YES_AGGRESSIVE;
				CLANG_CXX_LANGUAGE_STANDARD = "gnu++20";
				CLANG_ENABLE_MODULES = YES;
				CLANG_ENABLE_OBJC_ARC = YES;
				CLANG_ENABLE_OBJC_WEAK = YES;
				CLANG_WARN_BLOCK_CAPTURE_AUTORELEASING = YES;
				CLANG_WARN_BOOL_CONVERSION = YES;
				CLANG_WARN_COMMA = YES;
				CLANG_WARN_CONSTANT_CONVERSION = YES;
				CLANG_WARN_DEPRECATED_OBJC_IMPLEMENTATIONS = YES;
				CLANG_WARN_DIRECT_OBJC_ISA_USAGE = YES_ERROR;
				CLANG_WARN_DOCUMENTATION_COMMENTS = YES;
				CLANG_WARN_EMPTY_BODY = YES;
				CLANG_WARN_ENUM_CONVERSION = YES;
				CLANG_WARN_INFINITE_RECURSION = YES;
				CLANG_WARN_INT_CONVERSION = YES;
				CLANG_WARN_NON_LITERAL_NULL_CONVERSION = YES;
				CLANG_WARN_OBJC_IMPLICIT_RETAIN_SELF = YES;
				CLANG_WARN_OBJC_LITERAL_CONVERSION = YES;
				CLANG_WARN_OBJC_ROOT_CLASS = YES_ERROR;
				CLANG_WARN_QUOTED_INCLUDE_IN_FRAMEWORK_HEADER = YES;
				CLANG_WARN_RANGE_LOOP_ANALYSIS = YES;
				CLANG_WARN_STRICT_PROTOTYPES = YES;
				CLANG_WARN_SUSPICIOUS_MOVE = YES;
				CLANG_WARN_UNGUARDED_AVAILABILITY = YES_AGGRESSIVE;
				CLANG_WARN_UNREACHABLE_CODE = YES;
				CLANG_WARN__DUPLICATE_METHOD_MATCH = YES;
				COPY_PHASE_STRIP = NO;
				DEBUG_INFORMATION_FORMAT = "dwarf-with-dsym";
				ENABLE_NS_ASSERTIONS = NO;
				ENABLE_STRICT_OBJC_MSGSEND = YES;
				GCC_C_LANGUAGE_STANDARD = gnu11;
				GCC_NO_COMMON_BLOCKS = YES;
				GCC_WARN_64_TO_32_BIT_CONVERSION = YES;
				GCC_WARN_ABOUT_RETURN_TYPE = YES_ERROR;
				GCC_WARN_UNDECLARED_SELECTOR = YES;
				GCC_WARN_UNINITIALIZED_AUTOS = YES_AGGRESSIVE;
				GCC_WARN_UNUSED_FUNCTION = YES;
				GCC_WARN_UNUSED_VARIABLE = YES;
				IPHONEOS_DEPLOYMENT_TARGET = 16.2;
				MTL_ENABLE_DEBUG_INFO = NO;
				MTL_FAST_MATH = YES;
				SDKROOT = iphoneos;
				SWIFT_COMPILATION_MODE = wholemodule;
				SWIFT_OPTIMIZATION_LEVEL = "-O";
				VALIDATE_PRODUCT = YES;
			};
			name = Release;
		};
		A40F76852980728D00B40F3A /* Debug */ = {
			isa = XCBuildConfiguration;
			buildSettings = {
				ASSETCATALOG_COMPILER_APPICON_NAME = AppIcon;
				ASSETCATALOG_COMPILER_GLOBAL_ACCENT_COLOR_NAME = AccentColor;
				CODE_SIGN_STYLE = Automatic;
				CURRENT_PROJECT_VERSION = 1;
				DEVELOPMENT_ASSET_PATHS = "\"kehillah.today-swiftuitestyes/Preview Content\"";
				DEVELOPMENT_TEAM = WRA227JL28;
				ENABLE_PREVIEWS = YES;
				GENERATE_INFOPLIST_FILE = YES;
				INFOPLIST_FILE = "kehillah-today-swiftuitestyes-Info.plist";
				INFOPLIST_KEY_UIApplicationSceneManifest_Generation = YES;
				INFOPLIST_KEY_UIApplicationSupportsIndirectInputEvents = YES;
				INFOPLIST_KEY_UILaunchScreen_Generation = YES;
				INFOPLIST_KEY_UISupportedInterfaceOrientations_iPad = "UIInterfaceOrientationPortrait UIInterfaceOrientationPortraitUpsideDown UIInterfaceOrientationLandscapeLeft UIInterfaceOrientationLandscapeRight";
				INFOPLIST_KEY_UISupportedInterfaceOrientations_iPhone = "UIInterfaceOrientationPortrait UIInterfaceOrientationLandscapeLeft UIInterfaceOrientationLandscapeRight";
				LD_RUNPATH_SEARCH_PATHS = (
					"$(inherited)",
					"@executable_path/Frameworks",
				);
				MARKETING_VERSION = 1.0;
				PRODUCT_BUNDLE_IDENTIFIER = "jbuck.kehillah-today-swiftuitestyes";
				PRODUCT_NAME = "$(TARGET_NAME)";
				SWIFT_EMIT_LOC_STRINGS = YES;
				SWIFT_VERSION = 5.0;
				TARGETED_DEVICE_FAMILY = "1,2";
			};
			name = Debug;
		};
		A40F76862980728D00B40F3A /* Release */ = {
			isa = XCBuildConfiguration;
			buildSettings = {
				ASSETCATALOG_COMPILER_APPICON_NAME = AppIcon;
				ASSETCATALOG_COMPILER_GLOBAL_ACCENT_COLOR_NAME = AccentColor;
				CODE_SIGN_STYLE = Automatic;
				CURRENT_PROJECT_VERSION = 1;
				DEVELOPMENT_ASSET_PATHS = "\"kehillah.today-swiftuitestyes/Preview Content\"";
				DEVELOPMENT_TEAM = WRA227JL28;
				ENABLE_PREVIEWS = YES;
				GENERATE_INFOPLIST_FILE = YES;
				INFOPLIST_FILE = "kehillah-today-swiftuitestyes-Info.plist";
				INFOPLIST_KEY_UIApplicationSceneManifest_Generation = YES;
				INFOPLIST_KEY_UIApplicationSupportsIndirectInputEvents = YES;
				INFOPLIST_KEY_UILaunchScreen_Generation = YES;
				INFOPLIST_KEY_UISupportedInterfaceOrientations_iPad = "UIInterfaceOrientationPortrait UIInterfaceOrientationPortraitUpsideDown UIInterfaceOrientationLandscapeLeft UIInterfaceOrientationLandscapeRight";
				INFOPLIST_KEY_UISupportedInterfaceOrientations_iPhone = "UIInterfaceOrientationPortrait UIInterfaceOrientationLandscapeLeft UIInterfaceOrientationLandscapeRight";
				LD_RUNPATH_SEARCH_PATHS = (
					"$(inherited)",
					"@executable_path/Frameworks",
				);
				MARKETING_VERSION = 1.0;
				PRODUCT_BUNDLE_IDENTIFIER = "jbuck.kehillah-today-swiftuitestyes";
				PRODUCT_NAME = "$(TARGET_NAME)";
				SWIFT_EMIT_LOC_STRINGS = YES;
				SWIFT_VERSION = 5.0;
				TARGETED_DEVICE_FAMILY = "1,2";
			};
			name = Release;
		};
/* End XCBuildConfiguration section */

/* Begin XCConfigurationList section */
		A40F76712980728C00B40F3A /* Build configuration list for PBXProject "kehillah.today-swiftuitestyes" */ = {
			isa = XCConfigurationList;
			buildConfigurations = (
				A40F76822980728D00B40F3A /* Debug */,
				A40F76832980728D00B40F3A /* Release */,
			);
			defaultConfigurationIsVisible = 0;
			defaultConfigurationName = Release;
		};
		A40F76842980728D00B40F3A /* Build configuration list for PBXNativeTarget "kehillah.today-swiftuitestyes" */ = {
			isa = XCConfigurationList;
			buildConfigurations = (
				A40F76852980728D00B40F3A /* Debug */,
				A40F76862980728D00B40F3A /* Release */,
			);
			defaultConfigurationIsVisible = 0;
			defaultConfigurationName = Release;
		};
/* End XCConfigurationList section */
	};
	rootObject = A40F766E2980728C00B40F3A /* Project object */;
}
